Microsoft Visual Studio Solution File, Format Version 11.00
# Visual Studio 2010
Project("{8BC9CEB8-8B4A-11D0-8D11-00A0C91BC942}") = "ShadingMath", "ShadingMath\ShadingMath.vcxproj", "{1EC51A1C-4A4B-49F9-ABEC-82C3ED88223A}"
EndProject
Project("{8BC9CEB8-8B4A-11D0-8D11-00A0C91BC942}") = "DX11Renderer", "DX11Renderer\DX11Renderer.vcxproj", "{A4DC7465-62C2-41DD-97D2-958B459E3BEF}"
	ProjectSection(ProjectDependencies) = postProject
		{1EC51A1C-4A4B-49F9-ABEC-82C3ED88223A} = {1EC51A1C-4A4B-49F9-ABEC-82C3ED88223A}
		{2A17D7FD-2BD3-4DD7-869C-788A3CD8018A} = {2A17D7FD-2BD3-4DD7-869C-788A3CD8018A}
	EndProjectSection
EndProject
Project("{8BC9CEB8-8B4A-11D0-8D11-00A0C91BC942}") = "Utility", "Utility\Utility.vcxproj", "{2A17D7FD-2BD3-4DD7-869C-788A3CD8018A}"
EndProject
Project("{8BC9CEB8-8B4A-11D0-8D11-00A0C91BC942}") = "Framework", "Framework\Framework.vcxproj", "{06EDC280-1187-4614-A248-E640C095FA6B}"
	ProjectSection(ProjectDependencies) = postProject
		{1EC51A1C-4A4B-49F9-ABEC-82C3ED88223A} = {1EC51A1C-4A4B-49F9-ABEC-82C3ED88223A}
		{4EB3BD56-44FB-42B8-A697-BBF96BE9536C} = {4EB3BD56-44FB-42B8-A697-BBF96BE9536C}
		{A4DC7465-62C2-41DD-97D2-958B459E3BEF} = {A4DC7465-62C2-41DD-97D2-958B459E3BEF}
		{A9C4E9C1-E8C9-4537-A9C4-2BEEEFB64E23} = {A9C4E9C1-E8C9-4537-A9C4-2BEEEFB64E23}
		{2A17D7FD-2BD3-4DD7-869C-788A3CD8018A} = {2A17D7FD-2BD3-4DD7-869C-788A3CD8018A}
	EndProjectSection
EndProject
Project("{8BC9CEB8-8B4A-11D0-8D11-00A0C91BC942}") = "ParticlesGPU", "ParticlesGPU\ParticlesGPU.vcxproj", "{44C0D0A7-4690-4A7E-9148-76522168EE4C}"
	ProjectSection(ProjectDependencies) = postProject
		{1EC51A1C-4A4B-49F9-ABEC-82C3ED88223A} = {1EC51A1C-4A4B-49F9-ABEC-82C3ED88223A}
		{2A17D7FD-2BD3-4DD7-869C-788A3CD8018A} = {2A17D7FD-2BD3-4DD7-869C-788A3CD8018A}
	EndProjectSection
EndProject
Project("{8BC9CEB8-8B4A-11D0-8D11-00A0C91BC942}") = "ParticleEngine", "ParticleEngine\ParticleEngine.vcxproj", "{A9C4E9C1-E8C9-4537-A9C4-2BEEEFB64E23}"
	ProjectSection(ProjectDependencies) = postProject
		{1EC51A1C-4A4B-49F9-ABEC-82C3ED88223A} = {1EC51A1C-4A4B-49F9-ABEC-82C3ED88223A}
		{44C0D0A7-4690-4A7E-9148-76522168EE4C} = {44C0D0A7-4690-4A7E-9148-76522168EE4C}
		{2A17D7FD-2BD3-4DD7-869C-788A3CD8018A} = {2A17D7FD-2BD3-4DD7-869C-788A3CD8018A}
	EndProjectSection
EndProject
Project("{8BC9CEB8-8B4A-11D0-8D11-00A0C91BC942}") = "DX11Sound", "DX11Sound\DX11Sound.vcxproj", "{4EB3BD56-44FB-42B8-A697-BBF96BE9536C}"
EndProject
Global
	GlobalSection(SolutionConfigurationPlatforms) = preSolution
		Debug|Win32 = Debug|Win32
		Profile|Win32 = Profile|Win32
		Release|Win32 = Release|Win32
	EndGlobalSection
	GlobalSection(ProjectConfigurationPlatforms) = postSolution
		{1EC51A1C-4A4B-49F9-ABEC-82C3ED88223A}.Debug|Win32.ActiveCfg = Debug|Win32
		{1EC51A1C-4A4B-49F9-ABEC-82C3ED88223A}.Debug|Win32.Build.0 = Debug|Win32
		{1EC51A1C-4A4B-49F9-ABEC-82C3ED88223A}.Profile|Win32.ActiveCfg = Release|Win32
		{1EC51A1C-4A4B-49F9-ABEC-82C3ED88223A}.Profile|Win32.Build.0 = Release|Win32
		{1EC51A1C-4A4B-49F9-ABEC-82C3ED88223A}.Release|Win32.ActiveCfg = Release|Win32
		{1EC51A1C-4A4B-49F9-ABEC-82C3ED88223A}.Release|Win32.Build.0 = Release|Win32
		{A4DC7465-62C2-41DD-97D2-958B459E3BEF}.Debug|Win32.ActiveCfg = Debug|Win32
		{A4DC7465-62C2-41DD-97D2-958B459E3BEF}.Debug|Win32.Build.0 = Debug|Win32
		{A4DC7465-62C2-41DD-97D2-958B459E3BEF}.Profile|Win32.ActiveCfg = Release|Win32
		{A4DC7465-62C2-41DD-97D2-958B459E3BEF}.Profile|Win32.Build.0 = Release|Win32
		{A4DC7465-62C2-41DD-97D2-958B459E3BEF}.Release|Win32.ActiveCfg = Release|Win32
		{A4DC7465-62C2-41DD-97D2-958B459E3BEF}.Release|Win32.Build.0 = Release|Win32
		{2A17D7FD-2BD3-4DD7-869C-788A3CD8018A}.Debug|Win32.ActiveCfg = Debug|Win32
		{2A17D7FD-2BD3-4DD7-869C-788A3CD8018A}.Debug|Win32.Build.0 = Debug|Win32
		{2A17D7FD-2BD3-4DD7-869C-788A3CD8018A}.Profile|Win32.ActiveCfg = Profile|Win32
		{2A17D7FD-2BD3-4DD7-869C-788A3CD8018A}.Profile|Win32.Build.0 = Profile|Win32
		{2A17D7FD-2BD3-4DD7-869C-788A3CD8018A}.Release|Win32.ActiveCfg = Release|Win32
		{2A17D7FD-2BD3-4DD7-869C-788A3CD8018A}.Release|Win32.Build.0 = Release|Win32
		{06EDC280-1187-4614-A248-E640C095FA6B}.Debug|Win32.ActiveCfg = Debug|Win32
		{06EDC280-1187-4614-A248-E640C095FA6B}.Debug|Win32.Build.0 = Debug|Win32
		{06EDC280-1187-4614-A248-E640C095FA6B}.Profile|Win32.ActiveCfg = Profile|Win32
		{06EDC280-1187-4614-A248-E640C095FA6B}.Profile|Win32.Build.0 = Profile|Win32
		{06EDC280-1187-4614-A248-E640C095FA6B}.Release|Win32.ActiveCfg = Release|Win32
		{06EDC280-1187-4614-A248-E640C095FA6B}.Release|Win32.Build.0 = Release|Win32
		{44C0D0A7-4690-4A7E-9148-76522168EE4C}.Debug|Win32.ActiveCfg = Debug|Win32
		{44C0D0A7-4690-4A7E-9148-76522168EE4C}.Debug|Win32.Build.0 = Debug|Win32
		{44C0D0A7-4690-4A7E-9148-76522168EE4C}.Profile|Win32.ActiveCfg = Profile|Win32
		{44C0D0A7-4690-4A7E-9148-76522168EE4C}.Profile|Win32.Build.0 = Profile|Win32
		{44C0D0A7-4690-4A7E-9148-76522168EE4C}.Release|Win32.ActiveCfg = Release|Win32
		{44C0D0A7-4690-4A7E-9148-76522168EE4C}.Release|Win32.Build.0 = Release|Win32
		{A9C4E9C1-E8C9-4537-A9C4-2BEEEFB64E23}.Debug|Win32.ActiveCfg = Debug|Win32
		{A9C4E9C1-E8C9-4537-A9C4-2BEEEFB64E23}.Debug|Win32.Build.0 = Debug|Win32
		{A9C4E9C1-E8C9-4537-A9C4-2BEEEFB64E23}.Profile|Win32.ActiveCfg = Profile|Win32
		{A9C4E9C1-E8C9-4537-A9C4-2BEEEFB64E23}.Profile|Win32.Build.0 = Profile|Win32
		{A9C4E9C1-E8C9-4537-A9C4-2BEEEFB64E23}.Release|Win32.ActiveCfg = Release|Win32
		{A9C4E9C1-E8C9-4537-A9C4-2BEEEFB64E23}.Release|Win32.Build.0 = Release|Win32
		{4EB3BD56-44FB-42B8-A697-BBF96BE9536C}.Debug|Win32.ActiveCfg = Debug|Win32
		{4EB3BD56-44FB-42B8-A697-BBF96BE9536C}.Debug|Win32.Build.0 = Debug|Win32
		{4EB3BD56-44FB-42B8-A697-BBF96BE9536C}.Profile|Win32.ActiveCfg = Release|Win32
		{4EB3BD56-44FB-42B8-A697-BBF96BE9536C}.Profile|Win32.Build.0 = Release|Win32
		{4EB3BD56-44FB-42B8-A697-BBF96BE9536C}.Release|Win32.ActiveCfg = Release|Win32
		{4EB3BD56-44FB-42B8-A697-BBF96BE9536C}.Release|Win32.Build.0 = Release|Win32
	EndGlobalSection
	GlobalSection(SolutionProperties) = preSolution
		HideSolutionNode = FALSE
	EndGlobalSection
EndGlobal
